
Microsoft Visual Studio Solution File, Format Version 12.00
Project("{FAE04EC0-301F-11D3-BF4B-00C04F79EFBC}") = "Prismetro.Core", "Prismetro.Core\Prismetro.Core.csproj", "{758DB17E-7B91-4F28-B381-FEBCB76176A3}"
EndProject
Project("{FAE04EC0-301F-11D3-BF4B-00C04F79EFBC}") = "Prismetro.App.Wpf", "Samples\Prismetro.App.Wpf\Prismetro.App.Wpf.csproj", "{9AFF5792-9AB8-467F-9CF9-DB0360BA756E}"
EndProject
Project("{2150E333-8FDC-42A3-9474-1A3956D46DE8}") = "Samples", "Samples", "{D54346EF-C07E-4DD0-A1CE-61643320F055}"
EndProject
Global
	GlobalSection(SolutionConfigurationPlatforms) = preSolution
		Debug|Any CPU = Debug|Any CPU
		Release|Any CPU = Release|Any CPU
	EndGlobalSection
	GlobalSection(ProjectConfigurationPlatforms) = postSolution
		{758DB17E-7B91-4F28-B381-FEBCB76176A3}.Debug|Any CPU.ActiveCfg = Debug|Any CPU
		{758DB17E-7B91-4F28-B381-FEBCB76176A3}.Debug|Any CPU.Build.0 = Debug|Any CPU
		{758DB17E-7B91-4F28-B381-FEBCB76176A3}.Release|Any CPU.ActiveCfg = Release|Any CPU
		{758DB17E-7B91-4F28-B381-FEBCB76176A3}.Release|Any CPU.Build.0 = Release|Any CPU
		{9AFF5792-9AB8-467F-9CF9-DB0360BA756E}.Debug|Any CPU.ActiveCfg = Debug|Any CPU
		{9AFF5792-9AB8-467F-9CF9-DB0360BA756E}.Debug|Any CPU.Build.0 = Debug|Any CPU
		{9AFF5792-9AB8-467F-9CF9-DB0360BA756E}.Release|Any CPU.ActiveCfg = Release|Any CPU
		{9AFF5792-9AB8-467F-9CF9-DB0360BA756E}.Release|Any CPU.Build.0 = Release|Any CPU
	EndGlobalSection
	GlobalSection(NestedProjects) = preSolution
		{9AFF5792-9AB8-467F-9CF9-DB0360BA756E} = {D54346EF-C07E-4DD0-A1CE-61643320F055}
	EndGlobalSection
EndGlobal
